version = 1
revision = 1
requires-python = ">=3.11.9"

[[package]]
name = "pathvalidate"
version = "3.2.3"
source = { registry = "https://pypi.org/simple" }
sdist = { url = "https://files.pythonhosted.org/packages/92/87/c7a2f51cc62df0495acb0ed2533a7c74cc895e569a1b020ee5f6e9fa4e21/pathvalidate-3.2.3.tar.gz", hash = "sha256:59b5b9278e30382d6d213497623043ebe63f10e29055be4419a9c04c721739cb", size = 61717 }
wheels = [
    { url = "https://files.pythonhosted.org/packages/50/14/c5a0e1a947909810fc4c043b84cac472b70e438148d34f5393be1bac663f/pathvalidate-3.2.3-py3-none-any.whl", hash = "sha256:5eaf0562e345d4b6d0c0239d0f690c3bd84d2a9a3c4c73b99ea667401b27bee1", size = 24130 },
]

[[package]]
name = "vdict"
version = "0.1.0"
source = { virtual = "." }
dependencies = [
    { name = "pathvalidate" },
]

[package.metadata]
requires-dist = [{ name = "pathvalidate" }]
